// !$*UTF8*$!
{
	archiveVersion = 1;
	classes = {
	};
	objectVersion = 48;
	objects = {

/* Begin PBXBuildFile section */
		F12B35C1201F0BCE00AC910B /* AppDelegate.swift in Sources */ = {isa = PBXBuildFile; fileRef = F12B35C0201F0BCE00AC910B /* AppDelegate.swift */; };
		F12B35C3201F0BCE00AC910B /* MainViewController.swift in Sources */ = {isa = PBXBuildFile; fileRef = F12B35C2201F0BCE00AC910B /* MainViewController.swift */; };
		F12B35C6201F0BCE00AC910B /* Main.storyboard in Resources */ = {isa = PBXBuildFile; fileRef = F12B35C4201F0BCE00AC910B /* Main.storyboard */; };
		F12B35C8201F0BCE00AC910B /* Assets.xcassets in Resources */ = {isa = PBXBuildFile; fileRef = F12B35C7201F0BCE00AC910B /* Assets.xcassets */; };
		F12B35CB201F0BCE00AC910B /* LaunchScreen.storyboard in Resources */ = {isa = PBXBuildFile; fileRef = F12B35C9201F0BCE00AC910B /* LaunchScreen.storyboard */; };
		F12B35D9201F4DCA00AC910B /* SwiftyJSON.swift in Sources */ = {isa = PBXBuildFile; fileRef = F12B35D8201F4DCA00AC910B /* SwiftyJSON.swift */; };
		F12B35E2201F4E3000AC910B /* Log.swift in Sources */ = {isa = PBXBuildFile; fileRef = F12B35E1201F4E3000AC910B /* Log.swift */; };
		F12B35E5201F588E00AC910B /* MainNavigationController.swift in Sources */ = {isa = PBXBuildFile; fileRef = F12B35E4201F588E00AC910B /* MainNavigationController.swift */; };
		F12B35E7201F5A7000AC910B /* HomeViewController.swift in Sources */ = {isa = PBXBuildFile; fileRef = F12B35E6201F5A7000AC910B /* HomeViewController.swift */; };
		F12B35EB201F5DEE00AC910B /* TitleView.swift in Sources */ = {isa = PBXBuildFile; fileRef = F12B35EA201F5DEE00AC910B /* TitleView.swift */; };
		F12B35ED201F5E8B00AC910B /* HomePageTitleModel.swift in Sources */ = {isa = PBXBuildFile; fileRef = F12B35EC201F5E8B00AC910B /* HomePageTitleModel.swift */; };
		F12B35EF201F5F5000AC910B /* AppConfig.swift in Sources */ = {isa = PBXBuildFile; fileRef = F12B35EE201F5F5000AC910B /* AppConfig.swift */; };
		F12B35F1201F62C500AC910B /* UIColor.swift in Sources */ = {isa = PBXBuildFile; fileRef = F12B35F0201F62C500AC910B /* UIColor.swift */; };
		F12B35F5201F659A00AC910B /* SearchBar.swift in Sources */ = {isa = PBXBuildFile; fileRef = F12B35F4201F659A00AC910B /* SearchBar.swift */; };
		F12B35F9201F66B100AC910B /* ContentViewCell.xib in Resources */ = {isa = PBXBuildFile; fileRef = F12B35F6201F66B100AC910B /* ContentViewCell.xib */; };
		F12B35FA201F66B100AC910B /* ContentViewCell.swift in Sources */ = {isa = PBXBuildFile; fileRef = F12B35F7201F66B100AC910B /* ContentViewCell.swift */; };
		F12B35FB201F66B100AC910B /* ContentView.swift in Sources */ = {isa = PBXBuildFile; fileRef = F12B35F8201F66B100AC910B /* ContentView.swift */; };
		F12B35FD201F672900AC910B /* NewsModel.swift in Sources */ = {isa = PBXBuildFile; fileRef = F12B35FC201F672900AC910B /* NewsModel.swift */; };
		F12B361A201F67C600AC910B /* NewsAddTableViewCell.swift in Sources */ = {isa = PBXBuildFile; fileRef = F12B360E201F67C600AC910B /* NewsAddTableViewCell.swift */; };
		F12B361B201F67C600AC910B /* NewsAddTableViewCell.xib in Resources */ = {isa = PBXBuildFile; fileRef = F12B360F201F67C600AC910B /* NewsAddTableViewCell.xib */; };
		F12B361C201F67C600AC910B /* NewsImageTableViewCell.swift in Sources */ = {isa = PBXBuildFile; fileRef = F12B3610201F67C600AC910B /* NewsImageTableViewCell.swift */; };
		F12B361D201F67C600AC910B /* NewsImageTableViewCell.xib in Resources */ = {isa = PBXBuildFile; fileRef = F12B3611201F67C600AC910B /* NewsImageTableViewCell.xib */; };
		F12B361E201F67C600AC910B /* NewsRightImageViewCell.swift in Sources */ = {isa = PBXBuildFile; fileRef = F12B3612201F67C600AC910B /* NewsRightImageViewCell.swift */; };
		F12B361F201F67C600AC910B /* NewsRightImageViewCell.xib in Resources */ = {isa = PBXBuildFile; fileRef = F12B3613201F67C600AC910B /* NewsRightImageViewCell.xib */; };
		F12B3620201F67C600AC910B /* NewsTxtTableViewCell.swift in Sources */ = {isa = PBXBuildFile; fileRef = F12B3614201F67C600AC910B /* NewsTxtTableViewCell.swift */; };
		F12B3621201F67C600AC910B /* NewsTxtTableViewCell.xib in Resources */ = {isa = PBXBuildFile; fileRef = F12B3615201F67C600AC910B /* NewsTxtTableViewCell.xib */; };
		F12B3622201F67C600AC910B /* NewsUserTableViewCell.swift in Sources */ = {isa = PBXBuildFile; fileRef = F12B3616201F67C600AC910B /* NewsUserTableViewCell.swift */; };
		F12B3623201F67C600AC910B /* NewsUserTableViewCell.xib in Resources */ = {isa = PBXBuildFile; fileRef = F12B3617201F67C600AC910B /* NewsUserTableViewCell.xib */; };
		F12B3624201F67C600AC910B /* NewsVideoTableViewCell.swift in Sources */ = {isa = PBXBuildFile; fileRef = F12B3618201F67C600AC910B /* NewsVideoTableViewCell.swift */; };
		F12B3625201F67C600AC910B /* NewsVideoTableViewCell.xib in Resources */ = {isa = PBXBuildFile; fileRef = F12B3619201F67C600AC910B /* NewsVideoTableViewCell.xib */; };
		F12B3629201FBA6E00AC910B /* ToRequset.swift in Sources */ = {isa = PBXBuildFile; fileRef = F12B3628201FBA6E00AC910B /* ToRequset.swift */; };
		F12B362F201FBA8000AC910B /* css.css in Resources */ = {isa = PBXBuildFile; fileRef = F12B362B201FBA8000AC910B /* css.css */; };
		F12B3630201FBA8000AC910B /* demo.html in Resources */ = {isa = PBXBuildFile; fileRef = F12B362C201FBA8000AC910B /* demo.html */; };
		F12B3631201FBA8000AC910B /* WebView.storyboard in Resources */ = {isa = PBXBuildFile; fileRef = F12B362D201FBA8000AC910B /* WebView.storyboard */; };
		F12B3632201FBA8000AC910B /* WebViewController.swift in Sources */ = {isa = PBXBuildFile; fileRef = F12B362E201FBA8000AC910B /* WebViewController.swift */; };
		F12B3639201FBA8800AC910B /* Network.swift in Sources */ = {isa = PBXBuildFile; fileRef = F12B3634201FBA8800AC910B /* Network.swift */; };
		F12B363A201FBA8800AC910B /* Requset.swift in Sources */ = {isa = PBXBuildFile; fileRef = F12B3635201FBA8800AC910B /* Requset.swift */; };
		F12B363B201FBA8800AC910B /* Response.swift in Sources */ = {isa = PBXBuildFile; fileRef = F12B3636201FBA8800AC910B /* Response.swift */; };
		F12B363D201FBA8800AC910B /* Session.swift in Sources */ = {isa = PBXBuildFile; fileRef = F12B3638201FBA8800AC910B /* Session.swift */; };
		F12B3664201FBA8D00AC910B /* LICENSE in Resources */ = {isa = PBXBuildFile; fileRef = F12B363F201FBA8D00AC910B /* LICENSE */; };
		F12B3665201FBA8D00AC910B /* README.md in Resources */ = {isa = PBXBuildFile; fileRef = F12B3640201FBA8D00AC910B /* README.md */; };
		F12B3666201FBA8D00AC910B /* Constraint.swift in Sources */ = {isa = PBXBuildFile; fileRef = F12B3642201FBA8D00AC910B /* Constraint.swift */; };
		F12B3667201FBA8D00AC910B /* ConstraintAttributes.swift in Sources */ = {isa = PBXBuildFile; fileRef = F12B3643201FBA8D00AC910B /* ConstraintAttributes.swift */; };
		F12B3668201FBA8D00AC910B /* ConstraintConfig.swift in Sources */ = {isa = PBXBuildFile; fileRef = F12B3644201FBA8D00AC910B /* ConstraintConfig.swift */; };
		F12B3669201FBA8D00AC910B /* ConstraintConstantTarget.swift in Sources */ = {isa = PBXBuildFile; fileRef = F12B3645201FBA8D00AC910B /* ConstraintConstantTarget.swift */; };
		F12B366A201FBA8D00AC910B /* ConstraintDescription.swift in Sources */ = {isa = PBXBuildFile; fileRef = F12B3646201FBA8D00AC910B /* ConstraintDescription.swift */; };
		F12B366B201FBA8D00AC910B /* ConstraintDSL.swift in Sources */ = {isa = PBXBuildFile; fileRef = F12B3647201FBA8D00AC910B /* ConstraintDSL.swift */; };
		F12B366C201FBA8D00AC910B /* ConstraintInsets.swift in Sources */ = {isa = PBXBuildFile; fileRef = F12B3648201FBA8D00AC910B /* ConstraintInsets.swift */; };
		F12B366D201FBA8D00AC910B /* ConstraintInsetTarget.swift in Sources */ = {isa = PBXBuildFile; fileRef = F12B3649201FBA8D00AC910B /* ConstraintInsetTarget.swift */; };
		F12B366E201FBA8D00AC910B /* ConstraintItem.swift in Sources */ = {isa = PBXBuildFile; fileRef = F12B364A201FBA8D00AC910B /* ConstraintItem.swift */; };
		F12B366F201FBA8D00AC910B /* ConstraintLayoutGuide+Extensions.swift in Sources */ = {isa = PBXBuildFile; fileRef = F12B364B201FBA8D00AC910B /* ConstraintLayoutGuide+Extensions.swift */; };
		F12B3670201FBA8D00AC910B /* ConstraintLayoutGuide.swift in Sources */ = {isa = PBXBuildFile; fileRef = F12B364C201FBA8D00AC910B /* ConstraintLayoutGuide.swift */; };
		F12B3671201FBA8D00AC910B /* ConstraintLayoutGuideDSL.swift in Sources */ = {isa = PBXBuildFile; fileRef = F12B364D201FBA8D00AC910B /* ConstraintLayoutGuideDSL.swift */; };
		F12B3672201FBA8D00AC910B /* ConstraintLayoutSupport.swift in Sources */ = {isa = PBXBuildFile; fileRef = F12B364E201FBA8D00AC910B /* ConstraintLayoutSupport.swift */; };
		F12B3673201FBA8D00AC910B /* ConstraintLayoutSupportDSL.swift in Sources */ = {isa = PBXBuildFile; fileRef = F12B364F201FBA8D00AC910B /* ConstraintLayoutSupportDSL.swift */; };
		F12B3674201FBA8D00AC910B /* ConstraintMaker.swift in Sources */ = {isa = PBXBuildFile; fileRef = F12B3650201FBA8D00AC910B /* ConstraintMaker.swift */; };
		F12B3675201FBA8D00AC910B /* ConstraintMakerEditable.swift in Sources */ = {isa = PBXBuildFile; fileRef = F12B3651201FBA8D00AC910B /* ConstraintMakerEditable.swift */; };
		F12B3676201FBA8D00AC910B /* ConstraintMakerExtendable.swift in Sources */ = {isa = PBXBuildFile; fileRef = F12B3652201FBA8D00AC910B /* ConstraintMakerExtendable.swift */; };
		F12B3677201FBA8D00AC910B /* ConstraintMakerFinalizable.swift in Sources */ = {isa = PBXBuildFile; fileRef = F12B3653201FBA8D00AC910B /* ConstraintMakerFinalizable.swift */; };
		F12B3678201FBA8D00AC910B /* ConstraintMakerPriortizable.swift in Sources */ = {isa = PBXBuildFile; fileRef = F12B3654201FBA8D00AC910B /* ConstraintMakerPriortizable.swift */; };
		F12B3679201FBA8D00AC910B /* ConstraintMakerRelatable.swift in Sources */ = {isa = PBXBuildFile; fileRef = F12B3655201FBA8D00AC910B /* ConstraintMakerRelatable.swift */; };
		F12B367A201FBA8D00AC910B /* ConstraintMultiplierTarget.swift in Sources */ = {isa = PBXBuildFile; fileRef = F12B3656201FBA8D00AC910B /* ConstraintMultiplierTarget.swift */; };
		F12B367B201FBA8D00AC910B /* ConstraintOffsetTarget.swift in Sources */ = {isa = PBXBuildFile; fileRef = F12B3657201FBA8D00AC910B /* ConstraintOffsetTarget.swift */; };
		F12B367C201FBA8D00AC910B /* ConstraintPriority.swift in Sources */ = {isa = PBXBuildFile; fileRef = F12B3658201FBA8D00AC910B /* ConstraintPriority.swift */; };
		F12B367D201FBA8D00AC910B /* ConstraintPriorityTarget.swift in Sources */ = {isa = PBXBuildFile; fileRef = F12B3659201FBA8D00AC910B /* ConstraintPriorityTarget.swift */; };
		F12B367E201FBA8D00AC910B /* ConstraintRelatableTarget.swift in Sources */ = {isa = PBXBuildFile; fileRef = F12B365A201FBA8D00AC910B /* ConstraintRelatableTarget.swift */; };
		F12B367F201FBA8D00AC910B /* ConstraintRelation.swift in Sources */ = {isa = PBXBuildFile; fileRef = F12B365B201FBA8D00AC910B /* ConstraintRelation.swift */; };
		F12B3680201FBA8D00AC910B /* ConstraintView+Extensions.swift in Sources */ = {isa = PBXBuildFile; fileRef = F12B365C201FBA8D00AC910B /* ConstraintView+Extensions.swift */; };
		F12B3681201FBA8D00AC910B /* ConstraintView.swift in Sources */ = {isa = PBXBuildFile; fileRef = F12B365D201FBA8D00AC910B /* ConstraintView.swift */; };
		F12B3682201FBA8D00AC910B /* ConstraintViewDSL.swift in Sources */ = {isa = PBXBuildFile; fileRef = F12B365E201FBA8D00AC910B /* ConstraintViewDSL.swift */; };
		F12B3683201FBA8D00AC910B /* Debugging.swift in Sources */ = {isa = PBXBuildFile; fileRef = F12B365F201FBA8D00AC910B /* Debugging.swift */; };
		F12B3684201FBA8D00AC910B /* LayoutConstraint.swift in Sources */ = {isa = PBXBuildFile; fileRef = F12B3660201FBA8D00AC910B /* LayoutConstraint.swift */; };
		F12B3685201FBA8D00AC910B /* LayoutConstraintItem.swift in Sources */ = {isa = PBXBuildFile; fileRef = F12B3661201FBA8D00AC910B /* LayoutConstraintItem.swift */; };
		F12B3686201FBA8D00AC910B /* Typealiases.swift in Sources */ = {isa = PBXBuildFile; fileRef = F12B3662201FBA8D00AC910B /* Typealiases.swift */; };
		F12B3687201FBA8D00AC910B /* UILayoutSupport+Extensions.swift in Sources */ = {isa = PBXBuildFile; fileRef = F12B3663201FBA8D00AC910B /* UILayoutSupport+Extensions.swift */; };
		F149C2EC201FC03000D3560C /* RefreshFooterView.swift in Sources */ = {isa = PBXBuildFile; fileRef = F149C2E7201FC03000D3560C /* RefreshFooterView.swift */; };
		F149C2ED201FC03000D3560C /* RefreshFooterView.xib in Resources */ = {isa = PBXBuildFile; fileRef = F149C2E8201FC03000D3560C /* RefreshFooterView.xib */; };
		F149C2EE201FC03000D3560C /* RefreshHeaderView.swift in Sources */ = {isa = PBXBuildFile; fileRef = F149C2E9201FC03000D3560C /* RefreshHeaderView.swift */; };
		F149C2EF201FC03000D3560C /* RefreshHeaderView.xib in Resources */ = {isa = PBXBuildFile; fileRef = F149C2EA201FC03000D3560C /* RefreshHeaderView.xib */; };
		F149C2F0201FC03000D3560C /* showNewStatus.swift in Sources */ = {isa = PBXBuildFile; fileRef = F149C2EB201FC03000D3560C /* showNewStatus.swift */; };
		F149C2F220200BA600D3560C /* NewsDetailModel.swift in Sources */ = {isa = PBXBuildFile; fileRef = F149C2F120200BA500D3560C /* NewsDetailModel.swift */; };
		F149C2F420201A7D00D3560C /* Date.swift in Sources */ = {isa = PBXBuildFile; fileRef = F149C2F320201A7D00D3560C /* Date.swift */; };
		F149C2F620202DC600D3560C /* UIivew.swift in Sources */ = {isa = PBXBuildFile; fileRef = F149C2F520202DC600D3560C /* UIivew.swift */; };
/* End PBXBuildFile section */

/* Begin PBXFileReference section */
		F12B35BD201F0BCE00AC910B /* toutiao.app */ = {isa = PBXFileReference; explicitFileType = wrapper.application; includeInIndex = 0; path = toutiao.app; sourceTree = BUILT_PRODUCTS_DIR; };
		F12B35C0201F0BCE00AC910B /* AppDelegate.swift */ = {isa = PBXFileReference; lastKnownFileType = sourcecode.swift; path = AppDelegate.swift; sourceTree = "<group>"; };
		F12B35C2201F0BCE00AC910B /* MainViewController.swift */ = {isa = PBXFileReference; lastKnownFileType = sourcecode.swift; path = MainViewController.swift; sourceTree = "<group>"; };
		F12B35C5201F0BCE00AC910B /* Base */ = {isa = PBXFileReference; lastKnownFileType = file.storyboard; name = Base; path = Base.lproj/Main.storyboard; sourceTree = "<group>"; };
		F12B35C7201F0BCE00AC910B /* Assets.xcassets */ = {isa = PBXFileReference; lastKnownFileType = folder.assetcatalog; path = Assets.xcassets; sourceTree = "<group>"; };
		F12B35CA201F0BCE00AC910B /* Base */ = {isa = PBXFileReference; lastKnownFileType = file.storyboard; name = Base; path = Base.lproj/LaunchScreen.storyboard; sourceTree = "<group>"; };
		F12B35CC201F0BCE00AC910B /* Info.plist */ = {isa = PBXFileReference; lastKnownFileType = text.plist.xml; path = Info.plist; sourceTree = "<group>"; };
		F12B35D8201F4DCA00AC910B /* SwiftyJSON.swift */ = {isa = PBXFileReference; lastKnownFileType = sourcecode.swift; path = SwiftyJSON.swift; sourceTree = "<group>"; };
		F12B35E1201F4E3000AC910B /* Log.swift */ = {isa = PBXFileReference; lastKnownFileType = sourcecode.swift; path = Log.swift; sourceTree = "<group>"; };
		F12B35E4201F588E00AC910B /* MainNavigationController.swift */ = {isa = PBXFileReference; fileEncoding = 4; lastKnownFileType = sourcecode.swift; path = MainNavigationController.swift; sourceTree = "<group>"; };
		F12B35E6201F5A7000AC910B /* HomeViewController.swift */ = {isa = PBXFileReference; lastKnownFileType = sourcecode.swift; path = HomeViewController.swift; sourceTree = "<group>"; };
		F12B35EA201F5DEE00AC910B /* TitleView.swift */ = {isa = PBXFileReference; lastKnownFileType = sourcecode.swift; path = TitleView.swift; sourceTree = "<group>"; };
		F12B35EC201F5E8B00AC910B /* HomePageTitleModel.swift */ = {isa = PBXFileReference; lastKnownFileType = sourcecode.swift; path = HomePageTitleModel.swift; sourceTree = "<group>"; };
		F12B35EE201F5F5000AC910B /* AppConfig.swift */ = {isa = PBXFileReference; lastKnownFileType = sourcecode.swift; path = AppConfig.swift; sourceTree = "<group>"; };
		F12B35F0201F62C500AC910B /* UIColor.swift */ = {isa = PBXFileReference; lastKnownFileType = sourcecode.swift; path = UIColor.swift; sourceTree = "<group>"; };
		F12B35F4201F659A00AC910B /* SearchBar.swift */ = {isa = PBXFileReference; fileEncoding = 4; lastKnownFileType = sourcecode.swift; path = SearchBar.swift; sourceTree = "<group>"; };
		F12B35F6201F66B100AC910B /* ContentViewCell.xib */ = {isa = PBXFileReference; fileEncoding = 4; lastKnownFileType = file.xib; path = ContentViewCell.xib; sourceTree = "<group>"; };
		F12B35F7201F66B100AC910B /* ContentViewCell.swift */ = {isa = PBXFileReference; fileEncoding = 4; lastKnownFileType = sourcecode.swift; path = ContentViewCell.swift; sourceTree = "<group>"; };
		F12B35F8201F66B100AC910B /* ContentView.swift */ = {isa = PBXFileReference; fileEncoding = 4; lastKnownFileType = sourcecode.swift; path = ContentView.swift; sourceTree = "<group>"; };
		F12B35FC201F672900AC910B /* NewsModel.swift */ = {isa = PBXFileReference; lastKnownFileType = sourcecode.swift; path = NewsModel.swift; sourceTree = "<group>"; };
		F12B360E201F67C600AC910B /* NewsAddTableViewCell.swift */ = {isa = PBXFileReference; fileEncoding = 4; lastKnownFileType = sourcecode.swift; path = NewsAddTableViewCell.swift; sourceTree = "<group>"; };
		F12B360F201F67C600AC910B /* NewsAddTableViewCell.xib */ = {isa = PBXFileReference; fileEncoding = 4; lastKnownFileType = file.xib; path = NewsAddTableViewCell.xib; sourceTree = "<group>"; };
		F12B3610201F67C600AC910B /* NewsImageTableViewCell.swift */ = {isa = PBXFileReference; fileEncoding = 4; lastKnownFileType = sourcecode.swift; path = NewsImageTableViewCell.swift; sourceTree = "<group>"; };
		F12B3611201F67C600AC910B /* NewsImageTableViewCell.xib */ = {isa = PBXFileReference; fileEncoding = 4; lastKnownFileType = file.xib; path = NewsImageTableViewCell.xib; sourceTree = "<group>"; };
		F12B3612201F67C600AC910B /* NewsRightImageViewCell.swift */ = {isa = PBXFileReference; fileEncoding = 4; lastKnownFileType = sourcecode.swift; path = NewsRightImageViewCell.swift; sourceTree = "<group>"; };
		F12B3613201F67C600AC910B /* NewsRightImageViewCell.xib */ = {isa = PBXFileReference; fileEncoding = 4; lastKnownFileType = file.xib; path = NewsRightImageViewCell.xib; sourceTree = "<group>"; };
		F12B3614201F67C600AC910B /* NewsTxtTableViewCell.swift */ = {isa = PBXFileReference; fileEncoding = 4; lastKnownFileType = sourcecode.swift; path = NewsTxtTableViewCell.swift; sourceTree = "<group>"; };
		F12B3615201F67C600AC910B /* NewsTxtTableViewCell.xib */ = {isa = PBXFileReference; fileEncoding = 4; lastKnownFileType = file.xib; path = NewsTxtTableViewCell.xib; sourceTree = "<group>"; };
		F12B3616201F67C600AC910B /* NewsUserTableViewCell.swift */ = {isa = PBXFileReference; fileEncoding = 4; lastKnownFileType = sourcecode.swift; path = NewsUserTableViewCell.swift; sourceTree = "<group>"; };
		F12B3617201F67C600AC910B /* NewsUserTableViewCell.xib */ = {isa = PBXFileReference; fileEncoding = 4; lastKnownFileType = file.xib; path = NewsUserTableViewCell.xib; sourceTree = "<group>"; };
		F12B3618201F67C600AC910B /* NewsVideoTableViewCell.swift */ = {isa = PBXFileReference; fileEncoding = 4; lastKnownFileType = sourcecode.swift; path = NewsVideoTableViewCell.swift; sourceTree = "<group>"; };
		F12B3619201F67C600AC910B /* NewsVideoTableViewCell.xib */ = {isa = PBXFileReference; fileEncoding = 4; lastKnownFileType = file.xib; path = NewsVideoTableViewCell.xib; sourceTree = "<group>"; };
		F12B3628201FBA6E00AC910B /* ToRequset.swift */ = {isa = PBXFileReference; fileEncoding = 4; lastKnownFileType = sourcecode.swift; path = ToRequset.swift; sourceTree = "<group>"; };
		F12B362B201FBA8000AC910B /* css.css */ = {isa = PBXFileReference; fileEncoding = 4; lastKnownFileType = text.css; path = css.css; sourceTree = "<group>"; };
		F12B362C201FBA8000AC910B /* demo.html */ = {isa = PBXFileReference; fileEncoding = 4; lastKnownFileType = text.html; path = demo.html; sourceTree = "<group>"; };
		F12B362D201FBA8000AC910B /* WebView.storyboard */ = {isa = PBXFileReference; fileEncoding = 4; lastKnownFileType = file.storyboard; path = WebView.storyboard; sourceTree = "<group>"; };
		F12B362E201FBA8000AC910B /* WebViewController.swift */ = {isa = PBXFileReference; fileEncoding = 4; lastKnownFileType = sourcecode.swift; path = WebViewController.swift; sourceTree = "<group>"; };
		F12B3634201FBA8800AC910B /* Network.swift */ = {isa = PBXFileReference; fileEncoding = 4; lastKnownFileType = sourcecode.swift; path = Network.swift; sourceTree = "<group>"; };
		F12B3635201FBA8800AC910B /* Requset.swift */ = {isa = PBXFileReference; fileEncoding = 4; lastKnownFileType = sourcecode.swift; path = Requset.swift; sourceTree = "<group>"; };
		F12B3636201FBA8800AC910B /* Response.swift */ = {isa = PBXFileReference; fileEncoding = 4; lastKnownFileType = sourcecode.swift; path = Response.swift; sourceTree = "<group>"; };
		F12B3637201FBA8800AC910B /* RevealServer.framework */ = {isa = PBXFileReference; lastKnownFileType = wrapper.framework; path = RevealServer.framework; sourceTree = "<group>"; };
		F12B3638201FBA8800AC910B /* Session.swift */ = {isa = PBXFileReference; fileEncoding = 4; lastKnownFileType = sourcecode.swift; path = Session.swift; sourceTree = "<group>"; };
		F12B363F201FBA8D00AC910B /* LICENSE */ = {isa = PBXFileReference; fileEncoding = 4; lastKnownFileType = text; path = LICENSE; sourceTree = "<group>"; };
		F12B3640201FBA8D00AC910B /* README.md */ = {isa = PBXFileReference; fileEncoding = 4; lastKnownFileType = net.daringfireball.markdown; path = README.md; sourceTree = "<group>"; };
		F12B3642201FBA8D00AC910B /* Constraint.swift */ = {isa = PBXFileReference; fileEncoding = 4; lastKnownFileType = sourcecode.swift; path = Constraint.swift; sourceTree = "<group>"; };
		F12B3643201FBA8D00AC910B /* ConstraintAttributes.swift */ = {isa = PBXFileReference; fileEncoding = 4; lastKnownFileType = sourcecode.swift; path = ConstraintAttributes.swift; sourceTree = "<group>"; };
		F12B3644201FBA8D00AC910B /* ConstraintConfig.swift */ = {isa = PBXFileReference; fileEncoding = 4; lastKnownFileType = sourcecode.swift; path = ConstraintConfig.swift; sourceTree = "<group>"; };
		F12B3645201FBA8D00AC910B /* ConstraintConstantTarget.swift */ = {isa = PBXFileReference; fileEncoding = 4; lastKnownFileType = sourcecode.swift; path = ConstraintConstantTarget.swift; sourceTree = "<group>"; };
		F12B3646201FBA8D00AC910B /* ConstraintDescription.swift */ = {isa = PBXFileReference; fileEncoding = 4; lastKnownFileType = sourcecode.swift; path = ConstraintDescription.swift; sourceTree = "<group>"; };
		F12B3647201FBA8D00AC910B /* ConstraintDSL.swift */ = {isa = PBXFileReference; fileEncoding = 4; lastKnownFileType = sourcecode.swift; path = ConstraintDSL.swift; sourceTree = "<group>"; };
		F12B3648201FBA8D00AC910B /* ConstraintInsets.swift */ = {isa = PBXFileReference; fileEncoding = 4; lastKnownFileType = sourcecode.swift; path = ConstraintInsets.swift; sourceTree = "<group>"; };
		F12B3649201FBA8D00AC910B /* ConstraintInsetTarget.swift */ = {isa = PBXFileReference; fileEncoding = 4; lastKnownFileType = sourcecode.swift; path = ConstraintInsetTarget.swift; sourceTree = "<group>"; };
		F12B364A201FBA8D00AC910B /* ConstraintItem.swift */ = {isa = PBXFileReference; fileEncoding = 4; lastKnownFileType = sourcecode.swift; path = ConstraintItem.swift; sourceTree = "<group>"; };
		F12B364B201FBA8D00AC910B /* ConstraintLayoutGuide+Extensions.swift */ = {isa = PBXFileReference; fileEncoding = 4; lastKnownFileType = sourcecode.swift; path = "ConstraintLayoutGuide+Extensions.swift"; sourceTree = "<group>"; };
		F12B364C201FBA8D00AC910B /* ConstraintLayoutGuide.swift */ = {isa = PBXFileReference; fileEncoding = 4; lastKnownFileType = sourcecode.swift; path = ConstraintLayoutGuide.swift; sourceTree = "<group>"; };
		F12B364D201FBA8D00AC910B /* ConstraintLayoutGuideDSL.swift */ = {isa = PBXFileReference; fileEncoding = 4; lastKnownFileType = sourcecode.swift; path = ConstraintLayoutGuideDSL.swift; sourceTree = "<group>"; };
		F12B364E201FBA8D00AC910B /* ConstraintLayoutSupport.swift */ = {isa = PBXFileReference; fileEncoding = 4; lastKnownFileType = sourcecode.swift; path = ConstraintLayoutSupport.swift; sourceTree = "<group>"; };
		F12B364F201FBA8D00AC910B /* ConstraintLayoutSupportDSL.swift */ = {isa = PBXFileReference; fileEncoding = 4; lastKnownFileType = sourcecode.swift; path = ConstraintLayoutSupportDSL.swift; sourceTree = "<group>"; };
		F12B3650201FBA8D00AC910B /* ConstraintMaker.swift */ = {isa = PBXFileReference; fileEncoding = 4; lastKnownFileType = sourcecode.swift; path = ConstraintMaker.swift; sourceTree = "<group>"; };
		F12B3651201FBA8D00AC910B /* ConstraintMakerEditable.swift */ = {isa = PBXFileReference; fileEncoding = 4; lastKnownFileType = sourcecode.swift; path = ConstraintMakerEditable.swift; sourceTree = "<group>"; };
		F12B3652201FBA8D00AC910B /* ConstraintMakerExtendable.swift */ = {isa = PBXFileReference; fileEncoding = 4; lastKnownFileType = sourcecode.swift; path = ConstraintMakerExtendable.swift; sourceTree = "<group>"; };
		F12B3653201FBA8D00AC910B /* ConstraintMakerFinalizable.swift */ = {isa = PBXFileReference; fileEncoding = 4; lastKnownFileType = sourcecode.swift; path = ConstraintMakerFinalizable.swift; sourceTree = "<group>"; };
		F12B3654201FBA8D00AC910B /* ConstraintMakerPriortizable.swift */ = {isa = PBXFileReference; fileEncoding = 4; lastKnownFileType = sourcecode.swift; path = ConstraintMakerPriortizable.swift; sourceTree = "<group>"; };
		F12B3655201FBA8D00AC910B /* ConstraintMakerRelatable.swift */ = {isa = PBXFileReference; fileEncoding = 4; lastKnownFileType = sourcecode.swift; path = ConstraintMakerRelatable.swift; sourceTree = "<group>"; };
		F12B3656201FBA8D00AC910B /* ConstraintMultiplierTarget.swift */ = {isa = PBXFileReference; fileEncoding = 4; lastKnownFileType = sourcecode.swift; path = ConstraintMultiplierTarget.swift; sourceTree = "<group>"; };
		F12B3657201FBA8D00AC910B /* ConstraintOffsetTarget.swift */ = {isa = PBXFileReference; fileEncoding = 4; lastKnownFileType = sourcecode.swift; path = ConstraintOffsetTarget.swift; sourceTree = "<group>"; };
		F12B3658201FBA8D00AC910B /* ConstraintPriority.swift */ = {isa = PBXFileReference; fileEncoding = 4; lastKnownFileType = sourcecode.swift; path = ConstraintPriority.swift; sourceTree = "<group>"; };
		F12B3659201FBA8D00AC910B /* ConstraintPriorityTarget.swift */ = {isa = PBXFileReference; fileEncoding = 4; lastKnownFileType = sourcecode.swift; path = ConstraintPriorityTarget.swift; sourceTree = "<group>"; };
		F12B365A201FBA8D00AC910B /* ConstraintRelatableTarget.swift */ = {isa = PBXFileReference; fileEncoding = 4; lastKnownFileType = sourcecode.swift; path = ConstraintRelatableTarget.swift; sourceTree = "<group>"; };
		F12B365B201FBA8D00AC910B /* ConstraintRelation.swift */ = {isa = PBXFileReference; fileEncoding = 4; lastKnownFileType = sourcecode.swift; path = ConstraintRelation.swift; sourceTree = "<group>"; };
		F12B365C201FBA8D00AC910B /* ConstraintView+Extensions.swift */ = {isa = PBXFileReference; fileEncoding = 4; lastKnownFileType = sourcecode.swift; path = "ConstraintView+Extensions.swift"; sourceTree = "<group>"; };
		F12B365D201FBA8D00AC910B /* ConstraintView.swift */ = {isa = PBXFileReference; fileEncoding = 4; lastKnownFileType = sourcecode.swift; path = ConstraintView.swift; sourceTree = "<group>"; };
		F12B365E201FBA8D00AC910B /* ConstraintViewDSL.swift */ = {isa = PBXFileReference; fileEncoding = 4; lastKnownFileType = sourcecode.swift; path = ConstraintViewDSL.swift; sourceTree = "<group>"; };
		F12B365F201FBA8D00AC910B /* Debugging.swift */ = {isa = PBXFileReference; fileEncoding = 4; lastKnownFileType = sourcecode.swift; path = Debugging.swift; sourceTree = "<group>"; };
		F12B3660201FBA8D00AC910B /* LayoutConstraint.swift */ = {isa = PBXFileReference; fileEncoding = 4; lastKnownFileType = sourcecode.swift; path = LayoutConstraint.swift; sourceTree = "<group>"; };
		F12B3661201FBA8D00AC910B /* LayoutConstraintItem.swift */ = {isa = PBXFileReference; fileEncoding = 4; lastKnownFileType = sourcecode.swift; path = LayoutConstraintItem.swift; sourceTree = "<group>"; };
		F12B3662201FBA8D00AC910B /* Typealiases.swift */ = {isa = PBXFileReference; fileEncoding = 4; lastKnownFileType = sourcecode.swift; path = Typealiases.swift; sourceTree = "<group>"; };
		F12B3663201FBA8D00AC910B /* UILayoutSupport+Extensions.swift */ = {isa = PBXFileReference; fileEncoding = 4; lastKnownFileType = sourcecode.swift; path = "UILayoutSupport+Extensions.swift"; sourceTree = "<group>"; };
		F149C2E7201FC03000D3560C /* RefreshFooterView.swift */ = {isa = PBXFileReference; fileEncoding = 4; lastKnownFileType = sourcecode.swift; path = RefreshFooterView.swift; sourceTree = "<group>"; };
		F149C2E8201FC03000D3560C /* RefreshFooterView.xib */ = {isa = PBXFileReference; fileEncoding = 4; lastKnownFileType = file.xib; path = RefreshFooterView.xib; sourceTree = "<group>"; };
		F149C2E9201FC03000D3560C /* RefreshHeaderView.swift */ = {isa = PBXFileReference; fileEncoding = 4; lastKnownFileType = sourcecode.swift; path = RefreshHeaderView.swift; sourceTree = "<group>"; };
		F149C2EA201FC03000D3560C /* RefreshHeaderView.xib */ = {isa = PBXFileReference; fileEncoding = 4; lastKnownFileType = file.xib; path = RefreshHeaderView.xib; sourceTree = "<group>"; };
		F149C2EB201FC03000D3560C /* showNewStatus.swift */ = {isa = PBXFileReference; fileEncoding = 4; lastKnownFileType = sourcecode.swift; path = showNewStatus.swift; sourceTree = "<group>"; };
		F149C2F120200BA500D3560C /* NewsDetailModel.swift */ = {isa = PBXFileReference; fileEncoding = 4; lastKnownFileType = sourcecode.swift; path = NewsDetailModel.swift; sourceTree = "<group>"; };
		F149C2F320201A7D00D3560C /* Date.swift */ = {isa = PBXFileReference; lastKnownFileType = sourcecode.swift; path = Date.swift; sourceTree = "<group>"; };
		F149C2F520202DC600D3560C /* UIivew.swift */ = {isa = PBXFileReference; lastKnownFileType = sourcecode.swift; path = UIivew.swift; sourceTree = "<group>"; };
/* End PBXFileReference section */

/* Begin PBXFrameworksBuildPhase section */
		F12B35BA201F0BCE00AC910B /* Frameworks */ = {
			isa = PBXFrameworksBuildPhase;
			buildActionMask = 2147483647;
			files = (
			);
			runOnlyForDeploymentPostprocessing = 0;
		};
/* End PBXFrameworksBuildPhase section */

/* Begin PBXGroup section */
		F12B35B4201F0BCE00AC910B = {
			isa = PBXGroup;
			children = (
				F12B35BF201F0BCE00AC910B /* toutiao */,
				F12B35BE201F0BCE00AC910B /* Products */,
			);
			sourceTree = "<group>";
		};
		F12B35BE201F0BCE00AC910B /* Products */ = {
			isa = PBXGroup;
			children = (
				F12B35BD201F0BCE00AC910B /* toutiao.app */,
			);
			name = Products;
			sourceTree = "<group>";
		};
		F12B35BF201F0BCE00AC910B /* toutiao */ = {
			isa = PBXGroup;
			children = (
				F12B35D2201F0BD600AC910B /* Home */,
				F12B35D4201F0BF000AC910B /* New Group */,
				F12B35D3201F0BED00AC910B /* Extension */,
				F12B35C0201F0BCE00AC910B /* AppDelegate.swift */,
				F12B35C2201F0BCE00AC910B /* MainViewController.swift */,
				F12B35C4201F0BCE00AC910B /* Main.storyboard */,
				F12B35C7201F0BCE00AC910B /* Assets.xcassets */,
				F12B35C9201F0BCE00AC910B /* LaunchScreen.storyboard */,
				F12B35CC201F0BCE00AC910B /* Info.plist */,
			);
			path = toutiao;
			sourceTree = "<group>";
		};
		F12B35D2201F0BD600AC910B /* Home */ = {
			isa = PBXGroup;
			children = (
				F12B35E3201F551500AC910B /* Controller */,
				F12B35E9201F5D8C00AC910B /* Model */,
				F12B35E8201F5D8800AC910B /* View */,
			);
			path = Home;
			sourceTree = "<group>";
		};
		F12B35D3201F0BED00AC910B /* Extension */ = {
			isa = PBXGroup;
			children = (
				F12B363E201FBA8C00AC910B /* SnapKit */,
				F12B3633201FBA8800AC910B /* Networking */,
				F12B35D7201F4DBC00AC910B /* SwiftyJSON */,
				F12B3628201FBA6E00AC910B /* ToRequset.swift */,
				F12B35E1201F4E3000AC910B /* Log.swift */,
				F12B35EE201F5F5000AC910B /* AppConfig.swift */,
				F12B35F0201F62C500AC910B /* UIColor.swift */,
				F149C2F320201A7D00D3560C /* Date.swift */,
				F149C2F520202DC600D3560C /* UIivew.swift */,
			);
			path = Extension;
			sourceTree = "<group>";
		};
		F12B35D4201F0BF000AC910B /* New Group */ = {
			isa = PBXGroup;
			children = (
			);
			path = "New Group";
			sourceTree = "<group>";
		};
		F12B35D7201F4DBC00AC910B /* SwiftyJSON */ = {
			isa = PBXGroup;
			children = (
				F12B35D8201F4DCA00AC910B /* SwiftyJSON.swift */,
			);
			path = SwiftyJSON;
			sourceTree = "<group>";
		};
		F12B35E3201F551500AC910B /* Controller */ = {
			isa = PBXGroup;
			children = (
				F12B35E4201F588E00AC910B /* MainNavigationController.swift */,
				F12B35E6201F5A7000AC910B /* HomeViewController.swift */,
			);
			path = Controller;
			sourceTree = "<group>";
		};
		F12B35E8201F5D8800AC910B /* View */ = {
			isa = PBXGroup;
			children = (
				F12B362A201FBA8000AC910B /* WebView */,
				F149C2E6201FC03000D3560C /* Refreshview */,
				F12B360D201F67C600AC910B /* NewsTableCell */,
				F12B35F4201F659A00AC910B /* SearchBar.swift */,
				F12B35EA201F5DEE00AC910B /* TitleView.swift */,
				F12B35F8201F66B100AC910B /* ContentView.swift */,
				F12B35F7201F66B100AC910B /* ContentViewCell.swift */,
				F12B35F6201F66B100AC910B /* ContentViewCell.xib */,
			);
			path = View;
			sourceTree = "<group>";
		};
		F12B35E9201F5D8C00AC910B /* Model */ = {
			isa = PBXGroup;
			children = (
				F149C2F120200BA500D3560C /* NewsDetailModel.swift */,
				F12B35FC201F672900AC910B /* NewsModel.swift */,
				F12B35EC201F5E8B00AC910B /* HomePageTitleModel.swift */,
			);
			path = Model;
			sourceTree = "<group>";
		};
		F12B360D201F67C600AC910B /* NewsTableCell */ = {
			isa = PBXGroup;
			children = (
				F12B360E201F67C600AC910B /* NewsAddTableViewCell.swift */,
				F12B360F201F67C600AC910B /* NewsAddTableViewCell.xib */,
				F12B3610201F67C600AC910B /* NewsImageTableViewCell.swift */,
				F12B3611201F67C600AC910B /* NewsImageTableViewCell.xib */,
				F12B3612201F67C600AC910B /* NewsRightImageViewCell.swift */,
				F12B3613201F67C600AC910B /* NewsRightImageViewCell.xib */,
				F12B3614201F67C600AC910B /* NewsTxtTableViewCell.swift */,
				F12B3615201F67C600AC910B /* NewsTxtTableViewCell.xib */,
				F12B3616201F67C600AC910B /* NewsUserTableViewCell.swift */,
				F12B3617201F67C600AC910B /* NewsUserTableViewCell.xib */,
				F12B3618201F67C600AC910B /* NewsVideoTableViewCell.swift */,
				F12B3619201F67C600AC910B /* NewsVideoTableViewCell.xib */,
			);
			path = NewsTableCell;
			sourceTree = "<group>";
		};
		F12B362A201FBA8000AC910B /* WebView */ = {
			isa = PBXGroup;
			children = (
				F12B362B201FBA8000AC910B /* css.css */,
				F12B362C201FBA8000AC910B /* demo.html */,
				F12B362D201FBA8000AC910B /* WebView.storyboard */,
				F12B362E201FBA8000AC910B /* WebViewController.swift */,
			);
			path = WebView;
			sourceTree = "<group>";
		};
		F12B3633201FBA8800AC910B /* Networking */ = {
			isa = PBXGroup;
			children = (
				F12B3634201FBA8800AC910B /* Network.swift */,
				F12B3635201FBA8800AC910B /* Requset.swift */,
				F12B3636201FBA8800AC910B /* Response.swift */,
				F12B3637201FBA8800AC910B /* RevealServer.framework */,
				F12B3638201FBA8800AC910B /* Session.swift */,
			);
			path = Networking;
			sourceTree = "<group>";
		};
		F12B363E201FBA8C00AC910B /* SnapKit */ = {
			isa = PBXGroup;
			children = (
				F12B363F201FBA8D00AC910B /* LICENSE */,
				F12B3640201FBA8D00AC910B /* README.md */,
				F12B3641201FBA8D00AC910B /* Source */,
			);
			name = SnapKit;
			path = "../../../toutiao_IOS_Demo-master/头条/Extension/SnapKit";
			sourceTree = "<group>";
		};
		F12B3641201FBA8D00AC910B /* Source */ = {
			isa = PBXGroup;
			children = (
				F12B3642201FBA8D00AC910B /* Constraint.swift */,
				F12B3643201FBA8D00AC910B /* ConstraintAttributes.swift */,
				F12B3644201FBA8D00AC910B /* ConstraintConfig.swift */,
				F12B3645201FBA8D00AC910B /* ConstraintConstantTarget.swift */,
				F12B3646201FBA8D00AC910B /* ConstraintDescription.swift */,
				F12B3647201FBA8D00AC910B /* ConstraintDSL.swift */,
				F12B3648201FBA8D00AC910B /* ConstraintInsets.swift */,
				F12B3649201FBA8D00AC910B /* ConstraintInsetTarget.swift */,
				F12B364A201FBA8D00AC910B /* ConstraintItem.swift */,
				F12B364B201FBA8D00AC910B /* ConstraintLayoutGuide+Extensions.swift */,
				F12B364C201FBA8D00AC910B /* ConstraintLayoutGuide.swift */,
				F12B364D201FBA8D00AC910B /* ConstraintLayoutGuideDSL.swift */,
				F12B364E201FBA8D00AC910B /* ConstraintLayoutSupport.swift */,
				F12B364F201FBA8D00AC910B /* ConstraintLayoutSupportDSL.swift */,
				F12B3650201FBA8D00AC910B /* ConstraintMaker.swift */,
				F12B3651201FBA8D00AC910B /* ConstraintMakerEditable.swift */,
				F12B3652201FBA8D00AC910B /* ConstraintMakerExtendable.swift */,
				F12B3653201FBA8D00AC910B /* ConstraintMakerFinalizable.swift */,
				F12B3654201FBA8D00AC910B /* ConstraintMakerPriortizable.swift */,
				F12B3655201FBA8D00AC910B /* ConstraintMakerRelatable.swift */,
				F12B3656201FBA8D00AC910B /* ConstraintMultiplierTarget.swift */,
				F12B3657201FBA8D00AC910B /* ConstraintOffsetTarget.swift */,
				F12B3658201FBA8D00AC910B /* ConstraintPriority.swift */,
				F12B3659201FBA8D00AC910B /* ConstraintPriorityTarget.swift */,
				F12B365A201FBA8D00AC910B /* ConstraintRelatableTarget.swift */,
				F12B365B201FBA8D00AC910B /* ConstraintRelation.swift */,
				F12B365C201FBA8D00AC910B /* ConstraintView+Extensions.swift */,
				F12B365D201FBA8D00AC910B /* ConstraintView.swift */,
				F12B365E201FBA8D00AC910B /* ConstraintViewDSL.swift */,
				F12B365F201FBA8D00AC910B /* Debugging.swift */,
				F12B3660201FBA8D00AC910B /* LayoutConstraint.swift */,
				F12B3661201FBA8D00AC910B /* LayoutConstraintItem.swift */,
				F12B3662201FBA8D00AC910B /* Typealiases.swift */,
				F12B3663201FBA8D00AC910B /* UILayoutSupport+Extensions.swift */,
			);
			path = Source;
			sourceTree = "<group>";
		};
		F149C2E6201FC03000D3560C /* Refreshview */ = {
			isa = PBXGroup;
			children = (
				F149C2E7201FC03000D3560C /* RefreshFooterView.swift */,
				F149C2E8201FC03000D3560C /* RefreshFooterView.xib */,
				F149C2E9201FC03000D3560C /* RefreshHeaderView.swift */,
				F149C2EA201FC03000D3560C /* RefreshHeaderView.xib */,
				F149C2EB201FC03000D3560C /* showNewStatus.swift */,
			);
			name = Refreshview;
			path = toutiao/Home/View/Refreshview;
			sourceTree = SOURCE_ROOT;
		};
/* End PBXGroup section */

/* Begin PBXNativeTarget section */
		F12B35BC201F0BCE00AC910B /* toutiao */ = {
			isa = PBXNativeTarget;
			buildConfigurationList = F12B35CF201F0BCE00AC910B /* Build configuration list for PBXNativeTarget "toutiao" */;
			buildPhases = (
				F12B35B9201F0BCE00AC910B /* Sources */,
				F12B35BA201F0BCE00AC910B /* Frameworks */,
				F12B35BB201F0BCE00AC910B /* Resources */,
			);
			buildRules = (
			);
			dependencies = (
			);
			name = toutiao;
			productName = toutiao;
			productReference = F12B35BD201F0BCE00AC910B /* toutiao.app */;
			productType = "com.apple.product-type.application";
		};
/* End PBXNativeTarget section */

/* Begin PBXProject section */
		F12B35B5201F0BCE00AC910B /* Project object */ = {
			isa = PBXProject;
			attributes = {
				LastSwiftUpdateCheck = 0920;
				LastUpgradeCheck = 0920;
				ORGANIZATIONNAME = dx7d9;
				TargetAttributes = {
					F12B35BC201F0BCE00AC910B = {
						CreatedOnToolsVersion = 9.2;
						ProvisioningStyle = Automatic;
					};
				};
			};
			buildConfigurationList = F12B35B8201F0BCE00AC910B /* Build configuration list for PBXProject "toutiao" */;
			compatibilityVersion = "Xcode 8.0";
			developmentRegion = en;
			hasScannedForEncodings = 0;
			knownRegions = (
				en,
				Base,
			);
			mainGroup = F12B35B4201F0BCE00AC910B;
			productRefGroup = F12B35BE201F0BCE00AC910B /* Products */;
			projectDirPath = "";
			projectRoot = "";
			targets = (
				F12B35BC201F0BCE00AC910B /* toutiao */,
			);
		};
/* End PBXProject section */

/* Begin PBXResourcesBuildPhase section */
		F12B35BB201F0BCE00AC910B /* Resources */ = {
			isa = PBXResourcesBuildPhase;
			buildActionMask = 2147483647;
			files = (
				F12B361F201F67C600AC910B /* NewsRightImageViewCell.xib in Resources */,
				F12B35CB201F0BCE00AC910B /* LaunchScreen.storyboard in Resources */,
				F149C2EF201FC03000D3560C /* RefreshHeaderView.xib in Resources */,
				F12B35C8201F0BCE00AC910B /* Assets.xcassets in Resources */,
				F12B35F9201F66B100AC910B /* ContentViewCell.xib in Resources */,
				F12B361D201F67C600AC910B /* NewsImageTableViewCell.xib in Resources */,
				F12B3630201FBA8000AC910B /* demo.html in Resources */,
				F12B361B201F67C600AC910B /* NewsAddTableViewCell.xib in Resources */,
				F12B3621201F67C600AC910B /* NewsTxtTableViewCell.xib in Resources */,
				F12B3623201F67C600AC910B /* NewsUserTableViewCell.xib in Resources */,
				F12B3625201F67C600AC910B /* NewsVideoTableViewCell.xib in Resources */,
				F12B3664201FBA8D00AC910B /* LICENSE in Resources */,
				F149C2ED201FC03000D3560C /* RefreshFooterView.xib in Resources */,
				F12B3665201FBA8D00AC910B /* README.md in Resources */,
				F12B3631201FBA8000AC910B /* WebView.storyboard in Resources */,
				F12B35C6201F0BCE00AC910B /* Main.storyboard in Resources */,
				F12B362F201FBA8000AC910B /* css.css in Resources */,
			);
			runOnlyForDeploymentPostprocessing = 0;
		};
/* End PBXResourcesBuildPhase section */

/* Begin PBXSourcesBuildPhase section */
		F12B35B9201F0BCE00AC910B /* Sources */ = {
			isa = PBXSourcesBuildPhase;
			buildActionMask = 2147483647;
			files = (
				F12B3639201FBA8800AC910B /* Network.swift in Sources */,
				F12B366A201FBA8D00AC910B /* ConstraintDescription.swift in Sources */,
				F12B3677201FBA8D00AC910B /* ConstraintMakerFinalizable.swift in Sources */,
				F12B363D201FBA8800AC910B /* Session.swift in Sources */,
				F12B3686201FBA8D00AC910B /* Typealiases.swift in Sources */,
				F12B366E201FBA8D00AC910B /* ConstraintItem.swift in Sources */,
				F12B361A201F67C600AC910B /* NewsAddTableViewCell.swift in Sources */,
				F12B35FD201F672900AC910B /* NewsModel.swift in Sources */,
				F149C2F220200BA600D3560C /* NewsDetailModel.swift in Sources */,
				F12B35E5201F588E00AC910B /* MainNavigationController.swift in Sources */,
				F12B3678201FBA8D00AC910B /* ConstraintMakerPriortizable.swift in Sources */,
				F149C2F420201A7D00D3560C /* Date.swift in Sources */,
				F12B35D9201F4DCA00AC910B /* SwiftyJSON.swift in Sources */,
				F149C2EC201FC03000D3560C /* RefreshFooterView.swift in Sources */,
				F12B35FA201F66B100AC910B /* ContentViewCell.swift in Sources */,
				F12B3667201FBA8D00AC910B /* ConstraintAttributes.swift in Sources */,
				F149C2EE201FC03000D3560C /* RefreshHeaderView.swift in Sources */,
				F12B3622201F67C600AC910B /* NewsUserTableViewCell.swift in Sources */,
				F12B35C3201F0BCE00AC910B /* MainViewController.swift in Sources */,
				F12B3620201F67C600AC910B /* NewsTxtTableViewCell.swift in Sources */,
				F12B3671201FBA8D00AC910B /* ConstraintLayoutGuideDSL.swift in Sources */,
				F12B366C201FBA8D00AC910B /* ConstraintInsets.swift in Sources */,
				F12B35EB201F5DEE00AC910B /* TitleView.swift in Sources */,
				F12B3668201FBA8D00AC910B /* ConstraintConfig.swift in Sources */,
				F12B3676201FBA8D00AC910B /* ConstraintMakerExtendable.swift in Sources */,
				F12B3684201FBA8D00AC910B /* LayoutConstraint.swift in Sources */,
				F149C2F620202DC600D3560C /* UIivew.swift in Sources */,
				F12B35E2201F4E3000AC910B /* Log.swift in Sources */,
				F12B361E201F67C600AC910B /* NewsRightImageViewCell.swift in Sources */,
				F12B367B201FBA8D00AC910B /* ConstraintOffsetTarget.swift in Sources */,
				F12B35C1201F0BCE00AC910B /* AppDelegate.swift in Sources */,
				F12B367A201FBA8D00AC910B /* ConstraintMultiplierTarget.swift in Sources */,
				F12B3632201FBA8000AC910B /* WebViewController.swift in Sources */,
				F12B366B201FBA8D00AC910B /* ConstraintDSL.swift in Sources */,
				F12B35E7201F5A7000AC910B /* HomeViewController.swift in Sources */,
				F12B3685201FBA8D00AC910B /* LayoutConstraintItem.swift in Sources */,
				F12B3629201FBA6E00AC910B /* ToRequset.swift in Sources */,
				F12B3666201FBA8D00AC910B /* Constraint.swift in Sources */,
				F12B3673201FBA8D00AC910B /* ConstraintLayoutSupportDSL.swift in Sources */,
				F12B35EF201F5F5000AC910B /* AppConfig.swift in Sources */,
				F12B3687201FBA8D00AC910B /* UILayoutSupport+Extensions.swift in Sources */,
				F12B361C201F67C600AC910B /* NewsImageTableViewCell.swift in Sources */,
				F12B367E201FBA8D00AC910B /* ConstraintRelatableTarget.swift in Sources */,
				F12B3679201FBA8D00AC910B /* ConstraintMakerRelatable.swift in Sources */,
				F12B367D201FBA8D00AC910B /* ConstraintPriorityTarget.swift in Sources */,
				F149C2F0201FC03000D3560C /* showNewStatus.swift in Sources */,
				F12B366D201FBA8D00AC910B /* ConstraintInsetTarget.swift in Sources */,
				F12B366F201FBA8D00AC910B /* ConstraintLayoutGuide+Extensions.swift in Sources */,
				F12B3683201FBA8D00AC910B /* Debugging.swift in Sources */,
				F12B363A201FBA8800AC910B /* Requset.swift in Sources */,
				F12B367C201FBA8D00AC910B /* ConstraintPriority.swift in Sources */,
				F12B3682201FBA8D00AC910B /* ConstraintViewDSL.swift in Sources */,
				F12B3669201FBA8D00AC910B /* ConstraintConstantTarget.swift in Sources */,
				F12B363B201FBA8800AC910B /* Response.swift in Sources */,
				F12B3624201F67C600AC910B /* NewsVideoTableViewCell.swift in Sources */,
				F12B3672201FBA8D00AC910B /* ConstraintLayoutSupport.swift in Sources */,
				F12B3675201FBA8D00AC910B /* ConstraintMakerEditable.swift in Sources */,
				F12B367F201FBA8D00AC910B /* ConstraintRelation.swift in Sources */,
				F12B35ED201F5E8B00AC910B /* HomePageTitleModel.swift in Sources */,
				F12B3674201FBA8D00AC910B /* ConstraintMaker.swift in Sources */,
				F12B35FB201F66B100AC910B /* ContentView.swift in Sources */,
				F12B3681201FBA8D00AC910B /* ConstraintView.swift in Sources */,
				F12B35F5201F659A00AC910B /* SearchBar.swift in Sources */,
				F12B35F1201F62C500AC910B /* UIColor.swift in Sources */,
				F12B3680201FBA8D00AC910B /* ConstraintView+Extensions.swift in Sources */,
				F12B3670201FBA8D00AC910B /* ConstraintLayoutGuide.swift in Sources */,
			);
			runOnlyForDeploymentPostprocessing = 0;
		};
/* End PBXSourcesBuildPhase section */

/* Begin PBXVariantGroup section */
		F12B35C4201F0BCE00AC910B /* Main.storyboard */ = {
			isa = PBXVariantGroup;
			children = (
				F12B35C5201F0BCE00AC910B /* Base */,
			);
			name = Main.storyboard;
			sourceTree = "<group>";
		};
		F12B35C9201F0BCE00AC910B /* LaunchScreen.storyboard */ = {
			isa = PBXVariantGroup;
			children = (
				F12B35CA201F0BCE00AC910B /* Base */,
			);
			name = LaunchScreen.storyboard;
			sourceTree = "<group>";
		};
/* End PBXVariantGroup section */

/* Begin XCBuildConfiguration section */
		F12B35CD201F0BCE00AC910B /* Debug */ = {
			isa = XCBuildConfiguration;
			buildSettings = {
				ALWAYS_SEARCH_USER_PATHS = NO;
				CLANG_ANALYZER_NONNULL = YES;
				CLANG_ANALYZER_NUMBER_OBJECT_CONVERSION = YES_AGGRESSIVE;
				CLANG_CXX_LANGUAGE_STANDARD = "gnu++14";
				CLANG_CXX_LIBRARY = "libc++";
				CLANG_ENABLE_MODULES = YES;
				CLANG_ENABLE_OBJC_ARC = YES;
				CLANG_WARN_BLOCK_CAPTURE_AUTORELEASING = YES;
				CLANG_WARN_BOOL_CONVERSION = YES;
				CLANG_WARN_COMMA = YES;
				CLANG_WARN_CONSTANT_CONVERSION = YES;
				CLANG_WARN_DIRECT_OBJC_ISA_USAGE = YES_ERROR;
				CLANG_WARN_DOCUMENTATION_COMMENTS = YES;
				CLANG_WARN_EMPTY_BODY = YES;
				CLANG_WARN_ENUM_CONVERSION = YES;
				CLANG_WARN_INFINITE_RECURSION = YES;
				CLANG_WARN_INT_CONVERSION = YES;
				CLANG_WARN_NON_LITERAL_NULL_CONVERSION = YES;
				CLANG_WARN_OBJC_LITERAL_CONVERSION = YES;
				CLANG_WARN_OBJC_ROOT_CLASS = YES_ERROR;
				CLANG_WARN_RANGE_LOOP_ANALYSIS = YES;
				CLANG_WARN_STRICT_PROTOTYPES = YES;
				CLANG_WARN_SUSPICIOUS_MOVE = YES;
				CLANG_WARN_UNGUARDED_AVAILABILITY = YES_AGGRESSIVE;
				CLANG_WARN_UNREACHABLE_CODE = YES;
				CLANG_WARN__DUPLICATE_METHOD_MATCH = YES;
				CODE_SIGN_IDENTITY = "iPhone Developer";
				COPY_PHASE_STRIP = NO;
				DEBUG_INFORMATION_FORMAT = dwarf;
				ENABLE_STRICT_OBJC_MSGSEND = YES;
				ENABLE_TESTABILITY = YES;
				GCC_C_LANGUAGE_STANDARD = gnu11;
				GCC_DYNAMIC_NO_PIC = NO;
				GCC_NO_COMMON_BLOCKS = YES;
				GCC_OPTIMIZATION_LEVEL = 0;
				GCC_PREPROCESSOR_DEFINITIONS = (
					"DEBUG=1",
					"$(inherited)",
				);
				GCC_WARN_64_TO_32_BIT_CONVERSION = YES;
				GCC_WARN_ABOUT_RETURN_TYPE = YES_ERROR;
				GCC_WARN_UNDECLARED_SELECTOR = YES;
				GCC_WARN_UNINITIALIZED_AUTOS = YES_AGGRESSIVE;
				GCC_WARN_UNUSED_FUNCTION = YES;
				GCC_WARN_UNUSED_VARIABLE = YES;
				IPHONEOS_DEPLOYMENT_TARGET = 11.2;
				MTL_ENABLE_DEBUG_INFO = YES;
				ONLY_ACTIVE_ARCH = YES;
				SDKROOT = iphoneos;
				SWIFT_ACTIVE_COMPILATION_CONDITIONS = DEBUG;
				SWIFT_OPTIMIZATION_LEVEL = "-Onone";
			};
			name = Debug;
		};
		F12B35CE201F0BCE00AC910B /* Release */ = {
			isa = XCBuildConfiguration;
			buildSettings = {
				ALWAYS_SEARCH_USER_PATHS = NO;
				CLANG_ANALYZER_NONNULL = YES;
				CLANG_ANALYZER_NUMBER_OBJECT_CONVERSION = YES_AGGRESSIVE;
				CLANG_CXX_LANGUAGE_STANDARD = "gnu++14";
				CLANG_CXX_LIBRARY = "libc++";
				CLANG_ENABLE_MODULES = YES;
				CLANG_ENABLE_OBJC_ARC = YES;
				CLANG_WARN_BLOCK_CAPTURE_AUTORELEASING = YES;
				CLANG_WARN_BOOL_CONVERSION = YES;
				CLANG_WARN_COMMA = YES;
				CLANG_WARN_CONSTANT_CONVERSION = YES;
				CLANG_WARN_DIRECT_OBJC_ISA_USAGE = YES_ERROR;
				CLANG_WARN_DOCUMENTATION_COMMENTS = YES;
				CLANG_WARN_EMPTY_BODY = YES;
				CLANG_WARN_ENUM_CONVERSION = YES;
				CLANG_WARN_INFINITE_RECURSION = YES;
				CLANG_WARN_INT_CONVERSION = YES;
				CLANG_WARN_NON_LITERAL_NULL_CONVERSION = YES;
				CLANG_WARN_OBJC_LITERAL_CONVERSION = YES;
				CLANG_WARN_OBJC_ROOT_CLASS = YES_ERROR;
				CLANG_WARN_RANGE_LOOP_ANALYSIS = YES;
				CLANG_WARN_STRICT_PROTOTYPES = YES;
				CLANG_WARN_SUSPICIOUS_MOVE = YES;
				CLANG_WARN_UNGUARDED_AVAILABILITY = YES_AGGRESSIVE;
				CLANG_WARN_UNREACHABLE_CODE = YES;
				CLANG_WARN__DUPLICATE_METHOD_MATCH = YES;
				CODE_SIGN_IDENTITY = "iPhone Developer";
				COPY_PHASE_STRIP = NO;
				DEBUG_INFORMATION_FORMAT = "dwarf-with-dsym";
				ENABLE_NS_ASSERTIONS = NO;
				ENABLE_STRICT_OBJC_MSGSEND = YES;
				GCC_C_LANGUAGE_STANDARD = gnu11;
				GCC_NO_COMMON_BLOCKS = YES;
				GCC_WARN_64_TO_32_BIT_CONVERSION = YES;
				GCC_WARN_ABOUT_RETURN_TYPE = YES_ERROR;
				GCC_WARN_UNDECLARED_SELECTOR = YES;
				GCC_WARN_UNINITIALIZED_AUTOS = YES_AGGRESSIVE;
				GCC_WARN_UNUSED_FUNCTION = YES;
				GCC_WARN_UNUSED_VARIABLE = YES;
				IPHONEOS_DEPLOYMENT_TARGET = 11.2;
				MTL_ENABLE_DEBUG_INFO = NO;
				SDKROOT = iphoneos;
				SWIFT_OPTIMIZATION_LEVEL = "-Owholemodule";
				VALIDATE_PRODUCT = YES;
			};
			name = Release;
		};
		F12B35D0201F0BCE00AC910B /* Debug */ = {
			isa = XCBuildConfiguration;
			buildSettings = {
				ASSETCATALOG_COMPILER_APPICON_NAME = AppIcon;
				ASSETCATALOG_COMPILER_LAUNCHIMAGE_NAME = LaunchImage;
				CODE_SIGN_STYLE = Automatic;
				DEVELOPMENT_TEAM = 869TNSU33D;
				FRAMEWORK_SEARCH_PATHS = (
					"$(inherited)",
					"$(PROJECT_DIR)/toutiao/Extension/Networking",
				);
				INFOPLIST_FILE = toutiao/Info.plist;
				LD_RUNPATH_SEARCH_PATHS = "$(inherited) @executable_path/Frameworks";
				PRODUCT_BUNDLE_IDENTIFIER = toutiao.toutiao;
				PRODUCT_NAME = "$(TARGET_NAME)";
				SWIFT_VERSION = 4.0;
				TARGETED_DEVICE_FAMILY = "1,2";
			};
			name = Debug;
		};
		F12B35D1201F0BCE00AC910B /* Release */ = {
			isa = XCBuildConfiguration;
			buildSettings = {
				ASSETCATALOG_COMPILER_APPICON_NAME = AppIcon;
				ASSETCATALOG_COMPILER_LAUNCHIMAGE_NAME = LaunchImage;
				CODE_SIGN_STYLE = Automatic;
				DEVELOPMENT_TEAM = 869TNSU33D;
				FRAMEWORK_SEARCH_PATHS = (
					"$(inherited)",
					"$(PROJECT_DIR)/toutiao/Extension/Networking",
				);
				INFOPLIST_FILE = toutiao/Info.plist;
				LD_RUNPATH_SEARCH_PATHS = "$(inherited) @executable_path/Frameworks";
				PRODUCT_BUNDLE_IDENTIFIER = toutiao.toutiao;
				PRODUCT_NAME = "$(TARGET_NAME)";
				SWIFT_VERSION = 4.0;
				TARGETED_DEVICE_FAMILY = "1,2";
			};
			name = Release;
		};
/* End XCBuildConfiguration section */

/* Begin XCConfigurationList section */
		F12B35B8201F0BCE00AC910B /* Build configuration list for PBXProject "toutiao" */ = {
			isa = XCConfigurationList;
			buildConfigurations = (
				F12B35CD201F0BCE00AC910B /* Debug */,
				F12B35CE201F0BCE00AC910B /* Release */,
			);
			defaultConfigurationIsVisible = 0;
			defaultConfigurationName = Release;
		};
		F12B35CF201F0BCE00AC910B /* Build configuration list for PBXNativeTarget "toutiao" */ = {
			isa = XCConfigurationList;
			buildConfigurations = (
				F12B35D0201F0BCE00AC910B /* Debug */,
				F12B35D1201F0BCE00AC910B /* Release */,
			);
			defaultConfigurationIsVisible = 0;
			defaultConfigurationName = Release;
		};
/* End XCConfigurationList section */
	};
	rootObject = F12B35B5201F0BCE00AC910B /* Project object */;
}
